
Microsoft Visual Studio Solution File, Format Version 12.00
# Visual Studio 15
VisualStudioVersion = 15.0.27428.2002
MinimumVisualStudioVersion = 10.0.40219.1
Project("{9A19103F-16F7-4668-BE54-9A1E7A4F7556}") = "PhonemikeServer.Host", "PhonemikeServer.Host\PhonemikeServer.Host.csproj", "{C9F9CB75-A65C-4D94-B3A3-DD4213634FCD}"
EndProject
Project("{9A19103F-16F7-4668-BE54-9A1E7A4F7556}") = "PhonemikeServer.WebApi", "PhonemikeServer.WebApi\PhonemikeServer.WebApi.csproj", "{CF82CCFF-6A27-4255-8A57-517C3789EF42}"
EndProject
Project("{FAE04EC0-301F-11D3-BF4B-00C04F79EFBC}") = "PhonemikeServer.Core", "PhonemikeServer.Core\PhonemikeServer.Core.csproj", "{FA2160F9-2CD3-4E3C-837A-F12720802EA2}"
EndProject
Global
	GlobalSection(SolutionConfigurationPlatforms) = preSolution
		Debug|Any CPU = Debug|Any CPU
		Release|Any CPU = Release|Any CPU
	EndGlobalSection
	GlobalSection(ProjectConfigurationPlatforms) = postSolution
		{C9F9CB75-A65C-4D94-B3A3-DD4213634FCD}.Debug|Any CPU.ActiveCfg = Debug|Any CPU
		{C9F9CB75-A65C-4D94-B3A3-DD4213634FCD}.Debug|Any CPU.Build.0 = Debug|Any CPU
		{C9F9CB75-A65C-4D94-B3A3-DD4213634FCD}.Release|Any CPU.ActiveCfg = Release|Any CPU
		{C9F9CB75-A65C-4D94-B3A3-DD4213634FCD}.Release|Any CPU.Build.0 = Release|Any CPU
		{CF82CCFF-6A27-4255-8A57-517C3789EF42}.Debug|Any CPU.ActiveCfg = Debug|Any CPU
		{CF82CCFF-6A27-4255-8A57-517C3789EF42}.Debug|Any CPU.Build.0 = Debug|Any CPU
		{CF82CCFF-6A27-4255-8A57-517C3789EF42}.Release|Any CPU.ActiveCfg = Release|Any CPU
		{CF82CCFF-6A27-4255-8A57-517C3789EF42}.Release|Any CPU.Build.0 = Release|Any CPU
		{FA2160F9-2CD3-4E3C-837A-F12720802EA2}.Debug|Any CPU.ActiveCfg = Debug|Any CPU
		{FA2160F9-2CD3-4E3C-837A-F12720802EA2}.Debug|Any CPU.Build.0 = Debug|Any CPU
		{FA2160F9-2CD3-4E3C-837A-F12720802EA2}.Release|Any CPU.ActiveCfg = Release|Any CPU
		{FA2160F9-2CD3-4E3C-837A-F12720802EA2}.Release|Any CPU.Build.0 = Release|Any CPU
	EndGlobalSection
	GlobalSection(SolutionProperties) = preSolution
		HideSolutionNode = FALSE
	EndGlobalSection
	GlobalSection(ExtensibilityGlobals) = postSolution
		SolutionGuid = {8257E165-F58E-4455-A124-AEB7C2733D7E}
	EndGlobalSection
EndGlobal
